
Microsoft Visual Studio Solution File, Format Version 12.00
# Visual Studio Version 16
VisualStudioVersion = 16.0.30114.105
MinimumVisualStudioVersion = 10.0.40219.1
Project("{8BC9CEB8-8B4A-11D0-8D11-00A0C91BC942}") = "Hook", "Hook\Hook.vcxproj", "{E2B466BB-7B76-4029-BCB1-2738F67584EB}"
EndProject
Global
	GlobalSection(SolutionConfigurationPlatforms) = preSolution
		Debug|x64 = Debug|x64
		Debug|x86 = Debug|x86
		Release|x64 = Release|x64
		Release|x86 = Release|x86
	EndGlobalSection
	GlobalSection(ProjectConfigurationPlatforms) = postSolution
		{E2B466BB-7B76-4029-BCB1-2738F67584EB}.Debug|x64.ActiveCfg = Debug|x64
		{E2B466BB-7B76-4029-BCB1-2738F67584EB}.Debug|x64.Build.0 = Debug|x64
		{E2B466BB-7B76-4029-BCB1-2738F67584EB}.Debug|x86.ActiveCfg = Debug|Win32
		{E2B466BB-7B76-4029-BCB1-2738F67584EB}.Debug|x86.Build.0 = Debug|Win32
		{E2B466BB-7B76-4029-BCB1-2738F67584EB}.Release|x64.ActiveCfg = Release|x64
		{E2B466BB-7B76-4029-BCB1-2738F67584EB}.Release|x64.Build.0 = Release|x64
		{E2B466BB-7B76-4029-BCB1-2738F67584EB}.Release|x86.ActiveCfg = Release|Win32
		{E2B466BB-7B76-4029-BCB1-2738F67584EB}.Release|x86.Build.0 = Release|Win32
	EndGlobalSection
	GlobalSection(SolutionProperties) = preSolution
		HideSolutionNode = FALSE
	EndGlobalSection
	GlobalSection(ExtensibilityGlobals) = postSolution
		SolutionGuid = {43B1D8A0-EA35-4B35-87FB-6907362267E0}
	EndGlobalSection
EndGlobal
